# THIS IS AN AUTOGENERATED FILE. DO NOT EDIT THIS FILE DIRECTLY.
# yarn lockfile v1


react-native-geolocation-service@^1.0.0:
  version "1.0.0"
  resolved "https://registry.yarnpkg.com/react-native-geolocation-service/-/react-native-geolocation-service-1.0.0.tgz#73eeeb81bed51a571fb165da7c1e90170629c9b2"
